
Microsoft Visual Studio Solution File, Format Version 12.00
# Visual Studio Version 17
VisualStudioVersion = 17.5.002.0
MinimumVisualStudioVersion = 10.0.40219.1
Project("{9A19103F-16F7-4668-BE54-9A1E7A4F7556}") = "DAL", "DAL.csproj", "{E64CF3B4-6181-49E1-95BB-5ED152E574CB}"
EndProject
Global
	GlobalSection(SolutionConfigurationPlatforms) = preSolution
		Debug|Any CPU = Debug|Any CPU
		Release|Any CPU = Release|Any CPU
	EndGlobalSection
	GlobalSection(ProjectConfigurationPlatforms) = postSolution
		{E64CF3B4-6181-49E1-95BB-5ED152E574CB}.Debug|Any CPU.ActiveCfg = Debug|Any CPU
		{E64CF3B4-6181-49E1-95BB-5ED152E574CB}.Debug|Any CPU.Build.0 = Debug|Any CPU
		{E64CF3B4-6181-49E1-95BB-5ED152E574CB}.Release|Any CPU.ActiveCfg = Release|Any CPU
		{E64CF3B4-6181-49E1-95BB-5ED152E574CB}.Release|Any CPU.Build.0 = Release|Any CPU
	EndGlobalSection
	GlobalSection(SolutionProperties) = preSolution
		HideSolutionNode = FALSE
	EndGlobalSection
	GlobalSection(ExtensibilityGlobals) = postSolution
		SolutionGuid = {5F0C0E6A-8430-471F-9496-168708064FC3}
	EndGlobalSection
EndGlobal
